// !$*UTF8*$!
{
	archiveVersion = 1;
	classes = {
	};
	objectVersion = 50;
	objects = {

/* Begin PBXBuildFile section */
		4235A27823309A10002B7AAA /* AppDelegate.swift in Sources */ = {isa = PBXBuildFile; fileRef = 4235A27723309A10002B7AAA /* AppDelegate.swift */; };
		4235A27A23309A10002B7AAA /* ViewController.swift in Sources */ = {isa = PBXBuildFile; fileRef = 4235A27923309A10002B7AAA /* ViewController.swift */; };
		4235A27D23309A10002B7AAA /* Main.storyboard in Resources */ = {isa = PBXBuildFile; fileRef = 4235A27B23309A10002B7AAA /* Main.storyboard */; };
		4235A28023309A10002B7AAA /* coreDataDemo.xcdatamodeld in Sources */ = {isa = PBXBuildFile; fileRef = 4235A27E23309A10002B7AAA /* coreDataDemo.xcdatamodeld */; };
		4235A28223309A1A002B7AAA /* Assets.xcassets in Resources */ = {isa = PBXBuildFile; fileRef = 4235A28123309A1A002B7AAA /* Assets.xcassets */; };
		4235A28523309A1A002B7AAA /* LaunchScreen.storyboard in Resources */ = {isa = PBXBuildFile; fileRef = 4235A28323309A1A002B7AAA /* LaunchScreen.storyboard */; };
		4235A28E2330A0EF002B7AAA /* Student+CoreDataClass.swift in Sources */ = {isa = PBXBuildFile; fileRef = 4235A28C2330A0EF002B7AAA /* Student+CoreDataClass.swift */; };
		4235A28F2330A0EF002B7AAA /* Student+CoreDataProperties.swift in Sources */ = {isa = PBXBuildFile; fileRef = 4235A28D2330A0EF002B7AAA /* Student+CoreDataProperties.swift */; };
		4235A2912330A43C002B7AAA /* DatabaseHelper.swift in Sources */ = {isa = PBXBuildFile; fileRef = 4235A2902330A43C002B7AAA /* DatabaseHelper.swift */; };
		4235A2932330BD69002B7AAA /* ListViewController.swift in Sources */ = {isa = PBXBuildFile; fileRef = 4235A2922330BD68002B7AAA /* ListViewController.swift */; };
		4235A2952330BD7D002B7AAA /* ListTableViewCell.swift in Sources */ = {isa = PBXBuildFile; fileRef = 4235A2942330BD7D002B7AAA /* ListTableViewCell.swift */; };
/* End PBXBuildFile section */

/* Begin PBXFileReference section */
		4235A27423309A10002B7AAA /* coreDataDemo.app */ = {isa = PBXFileReference; explicitFileType = wrapper.application; includeInIndex = 0; path = coreDataDemo.app; sourceTree = BUILT_PRODUCTS_DIR; };
		4235A27723309A10002B7AAA /* AppDelegate.swift */ = {isa = PBXFileReference; lastKnownFileType = sourcecode.swift; path = AppDelegate.swift; sourceTree = "<group>"; };
		4235A27923309A10002B7AAA /* ViewController.swift */ = {isa = PBXFileReference; lastKnownFileType = sourcecode.swift; path = ViewController.swift; sourceTree = "<group>"; };
		4235A27C23309A10002B7AAA /* Base */ = {isa = PBXFileReference; lastKnownFileType = file.storyboard; name = Base; path = Base.lproj/Main.storyboard; sourceTree = "<group>"; };
		4235A27F23309A10002B7AAA /* coreDataDemo.xcdatamodel */ = {isa = PBXFileReference; lastKnownFileType = wrapper.xcdatamodel; path = coreDataDemo.xcdatamodel; sourceTree = "<group>"; };
		4235A28123309A1A002B7AAA /* Assets.xcassets */ = {isa = PBXFileReference; lastKnownFileType = folder.assetcatalog; path = Assets.xcassets; sourceTree = "<group>"; };
		4235A28423309A1A002B7AAA /* Base */ = {isa = PBXFileReference; lastKnownFileType = file.storyboard; name = Base; path = Base.lproj/LaunchScreen.storyboard; sourceTree = "<group>"; };
		4235A28623309A1A002B7AAA /* Info.plist */ = {isa = PBXFileReference; lastKnownFileType = text.plist.xml; path = Info.plist; sourceTree = "<group>"; };
		4235A28C2330A0EF002B7AAA /* Student+CoreDataClass.swift */ = {isa = PBXFileReference; lastKnownFileType = sourcecode.swift; path = "Student+CoreDataClass.swift"; sourceTree = "<group>"; };
		4235A28D2330A0EF002B7AAA /* Student+CoreDataProperties.swift */ = {isa = PBXFileReference; lastKnownFileType = sourcecode.swift; path = "Student+CoreDataProperties.swift"; sourceTree = "<group>"; };
		4235A2902330A43C002B7AAA /* DatabaseHelper.swift */ = {isa = PBXFileReference; lastKnownFileType = sourcecode.swift; path = DatabaseHelper.swift; sourceTree = "<group>"; };
		4235A2922330BD68002B7AAA /* ListViewController.swift */ = {isa = PBXFileReference; lastKnownFileType = sourcecode.swift; path = ListViewController.swift; sourceTree = "<group>"; };
		4235A2942330BD7D002B7AAA /* ListTableViewCell.swift */ = {isa = PBXFileReference; lastKnownFileType = sourcecode.swift; path = ListTableViewCell.swift; sourceTree = "<group>"; };
/* End PBXFileReference section */

/* Begin PBXFrameworksBuildPhase section */
		4235A27123309A10002B7AAA /* Frameworks */ = {
			isa = PBXFrameworksBuildPhase;
			buildActionMask = 2147483647;
			files = (
			);
			runOnlyForDeploymentPostprocessing = 0;
		};
/* End PBXFrameworksBuildPhase section */

/* Begin PBXGroup section */
		4235A26B23309A10002B7AAA = {
			isa = PBXGroup;
			children = (
				4235A27623309A10002B7AAA /* coreDataDemo */,
				4235A27523309A10002B7AAA /* Products */,
			);
			sourceTree = "<group>";
		};
		4235A27523309A10002B7AAA /* Products */ = {
			isa = PBXGroup;
			children = (
				4235A27423309A10002B7AAA /* coreDataDemo.app */,
			);
			name = Products;
			sourceTree = "<group>";
		};
		4235A27623309A10002B7AAA /* coreDataDemo */ = {
			isa = PBXGroup;
			children = (
				4235A28C2330A0EF002B7AAA /* Student+CoreDataClass.swift */,
				4235A28D2330A0EF002B7AAA /* Student+CoreDataProperties.swift */,
				4235A27723309A10002B7AAA /* AppDelegate.swift */,
				4235A27923309A10002B7AAA /* ViewController.swift */,
				4235A2902330A43C002B7AAA /* DatabaseHelper.swift */,
				4235A27B23309A10002B7AAA /* Main.storyboard */,
				4235A28123309A1A002B7AAA /* Assets.xcassets */,
				4235A28323309A1A002B7AAA /* LaunchScreen.storyboard */,
				4235A28623309A1A002B7AAA /* Info.plist */,
				4235A27E23309A10002B7AAA /* coreDataDemo.xcdatamodeld */,
				4235A2922330BD68002B7AAA /* ListViewController.swift */,
				4235A2942330BD7D002B7AAA /* ListTableViewCell.swift */,
			);
			path = coreDataDemo;
			sourceTree = "<group>";
		};
/* End PBXGroup section */

/* Begin PBXNativeTarget section */
		4235A27323309A10002B7AAA /* coreDataDemo */ = {
			isa = PBXNativeTarget;
			buildConfigurationList = 4235A28923309A1A002B7AAA /* Build configuration list for PBXNativeTarget "coreDataDemo" */;
			buildPhases = (
				4235A27023309A10002B7AAA /* Sources */,
				4235A27123309A10002B7AAA /* Frameworks */,
				4235A27223309A10002B7AAA /* Resources */,
			);
			buildRules = (
			);
			dependencies = (
			);
			name = coreDataDemo;
			productName = coreDataDemo;
			productReference = 4235A27423309A10002B7AAA /* coreDataDemo.app */;
			productType = "com.apple.product-type.application";
		};
/* End PBXNativeTarget section */

/* Begin PBXProject section */
		4235A26C23309A10002B7AAA /* Project object */ = {
			isa = PBXProject;
			attributes = {
				LastSwiftUpdateCheck = 1020;
				LastUpgradeCheck = 1020;
				ORGANIZATIONNAME = "sohel-MAC";
				TargetAttributes = {
					4235A27323309A10002B7AAA = {
						CreatedOnToolsVersion = 10.2.1;
					};
				};
			};
			buildConfigurationList = 4235A26F23309A10002B7AAA /* Build configuration list for PBXProject "coreDataDemo" */;
			compatibilityVersion = "Xcode 9.3";
			developmentRegion = en;
			hasScannedForEncodings = 0;
			knownRegions = (
				en,
				Base,
			);
			mainGroup = 4235A26B23309A10002B7AAA;
			productRefGroup = 4235A27523309A10002B7AAA /* Products */;
			projectDirPath = "";
			projectRoot = "";
			targets = (
				4235A27323309A10002B7AAA /* coreDataDemo */,
			);
		};
/* End PBXProject section */

/* Begin PBXResourcesBuildPhase section */
		4235A27223309A10002B7AAA /* Resources */ = {
			isa = PBXResourcesBuildPhase;
			buildActionMask = 2147483647;
			files = (
				4235A28523309A1A002B7AAA /* LaunchScreen.storyboard in Resources */,
				4235A28223309A1A002B7AAA /* Assets.xcassets in Resources */,
				4235A27D23309A10002B7AAA /* Main.storyboard in Resources */,
			);
			runOnlyForDeploymentPostprocessing = 0;
		};
/* End PBXResourcesBuildPhase section */

/* Begin PBXSourcesBuildPhase section */
		4235A27023309A10002B7AAA /* Sources */ = {
			isa = PBXSourcesBuildPhase;
			buildActionMask = 2147483647;
			files = (
				4235A28023309A10002B7AAA /* coreDataDemo.xcdatamodeld in Sources */,
				4235A2952330BD7D002B7AAA /* ListTableViewCell.swift in Sources */,
				4235A28E2330A0EF002B7AAA /* Student+CoreDataClass.swift in Sources */,
				4235A27A23309A10002B7AAA /* ViewController.swift in Sources */,
				4235A27823309A10002B7AAA /* AppDelegate.swift in Sources */,
				4235A2912330A43C002B7AAA /* DatabaseHelper.swift in Sources */,
				4235A28F2330A0EF002B7AAA /* Student+CoreDataProperties.swift in Sources */,
				4235A2932330BD69002B7AAA /* ListViewController.swift in Sources */,
			);
			runOnlyForDeploymentPostprocessing = 0;
		};
/* End PBXSourcesBuildPhase section */

/* Begin PBXVariantGroup section */
		4235A27B23309A10002B7AAA /* Main.storyboard */ = {
			isa = PBXVariantGroup;
			children = (
				4235A27C23309A10002B7AAA /* Base */,
			);
			name = Main.storyboard;
			sourceTree = "<group>";
		};
		4235A28323309A1A002B7AAA /* LaunchScreen.storyboard */ = {
			isa = PBXVariantGroup;
			children = (
				4235A28423309A1A002B7AAA /* Base */,
			);
			name = LaunchScreen.storyboard;
			sourceTree = "<group>";
		};
/* End PBXVariantGroup section */

/* Begin XCBuildConfiguration section */
		4235A28723309A1A002B7AAA /* Debug */ = {
			isa = XCBuildConfiguration;
			buildSettings = {
				ALWAYS_SEARCH_USER_PATHS = NO;
				CLANG_ANALYZER_NONNULL = YES;
				CLANG_ANALYZER_NUMBER_OBJECT_CONVERSION = YES_AGGRESSIVE;
				CLANG_CXX_LANGUAGE_STANDARD = "gnu++14";
				CLANG_CXX_LIBRARY = "libc++";
				CLANG_ENABLE_MODULES = YES;
				CLANG_ENABLE_OBJC_ARC = YES;
				CLANG_ENABLE_OBJC_WEAK = YES;
				CLANG_WARN_BLOCK_CAPTURE_AUTORELEASING = YES;
				CLANG_WARN_BOOL_CONVERSION = YES;
				CLANG_WARN_COMMA = YES;
				CLANG_WARN_CONSTANT_CONVERSION = YES;
				CLANG_WARN_DEPRECATED_OBJC_IMPLEMENTATIONS = YES;
				CLANG_WARN_DIRECT_OBJC_ISA_USAGE = YES_ERROR;
				CLANG_WARN_DOCUMENTATION_COMMENTS = YES;
				CLANG_WARN_EMPTY_BODY = YES;
				CLANG_WARN_ENUM_CONVERSION = YES;
				CLANG_WARN_INFINITE_RECURSION = YES;
				CLANG_WARN_INT_CONVERSION = YES;
				CLANG_WARN_NON_LITERAL_NULL_CONVERSION = YES;
				CLANG_WARN_OBJC_IMPLICIT_RETAIN_SELF = YES;
				CLANG_WARN_OBJC_LITERAL_CONVERSION = YES;
				CLANG_WARN_OBJC_ROOT_CLASS = YES_ERROR;
				CLANG_WARN_RANGE_LOOP_ANALYSIS = YES;
				CLANG_WARN_STRICT_PROTOTYPES = YES;
				CLANG_WARN_SUSPICIOUS_MOVE = YES;
				CLANG_WARN_UNGUARDED_AVAILABILITY = YES_AGGRESSIVE;
				CLANG_WARN_UNREACHABLE_CODE = YES;
				CLANG_WARN__DUPLICATE_METHOD_MATCH = YES;
				CODE_SIGN_IDENTITY = "iPhone Developer";
				COPY_PHASE_STRIP = NO;
				DEBUG_INFORMATION_FORMAT = dwarf;
				ENABLE_STRICT_OBJC_MSGSEND = YES;
				ENABLE_TESTABILITY = YES;
				GCC_C_LANGUAGE_STANDARD = gnu11;
				GCC_DYNAMIC_NO_PIC = NO;
				GCC_NO_COMMON_BLOCKS = YES;
				GCC_OPTIMIZATION_LEVEL = 0;
				GCC_PREPROCESSOR_DEFINITIONS = (
					"DEBUG=1",
					"$(inherited)",
				);
				GCC_WARN_64_TO_32_BIT_CONVERSION = YES;
				GCC_WARN_ABOUT_RETURN_TYPE = YES_ERROR;
				GCC_WARN_UNDECLARED_SELECTOR = YES;
				GCC_WARN_UNINITIALIZED_AUTOS = YES_AGGRESSIVE;
				GCC_WARN_UNUSED_FUNCTION = YES;
				GCC_WARN_UNUSED_VARIABLE = YES;
				IPHONEOS_DEPLOYMENT_TARGET = 12.2;
				MTL_ENABLE_DEBUG_INFO = INCLUDE_SOURCE;
				MTL_FAST_MATH = YES;
				ONLY_ACTIVE_ARCH = YES;
				SDKROOT = iphoneos;
				SWIFT_ACTIVE_COMPILATION_CONDITIONS = DEBUG;
				SWIFT_OPTIMIZATION_LEVEL = "-Onone";
			};
			name = Debug;
		};
		4235A28823309A1A002B7AAA /* Release */ = {
			isa = XCBuildConfiguration;
			buildSettings = {
				ALWAYS_SEARCH_USER_PATHS = NO;
				CLANG_ANALYZER_NONNULL = YES;
				CLANG_ANALYZER_NUMBER_OBJECT_CONVERSION = YES_AGGRESSIVE;
				CLANG_CXX_LANGUAGE_STANDARD = "gnu++14";
				CLANG_CXX_LIBRARY = "libc++";
				CLANG_ENABLE_MODULES = YES;
				CLANG_ENABLE_OBJC_ARC = YES;
				CLANG_ENABLE_OBJC_WEAK = YES;
				CLANG_WARN_BLOCK_CAPTURE_AUTORELEASING = YES;
				CLANG_WARN_BOOL_CONVERSION = YES;
				CLANG_WARN_COMMA = YES;
				CLANG_WARN_CONSTANT_CONVERSION = YES;
				CLANG_WARN_DEPRECATED_OBJC_IMPLEMENTATIONS = YES;
				CLANG_WARN_DIRECT_OBJC_ISA_USAGE = YES_ERROR;
				CLANG_WARN_DOCUMENTATION_COMMENTS = YES;
				CLANG_WARN_EMPTY_BODY = YES;
				CLANG_WARN_ENUM_CONVERSION = YES;
				CLANG_WARN_INFINITE_RECURSION = YES;
				CLANG_WARN_INT_CONVERSION = YES;
				CLANG_WARN_NON_LITERAL_NULL_CONVERSION = YES;
				CLANG_WARN_OBJC_IMPLICIT_RETAIN_SELF = YES;
				CLANG_WARN_OBJC_LITERAL_CONVERSION = YES;
				CLANG_WARN_OBJC_ROOT_CLASS = YES_ERROR;
				CLANG_WARN_RANGE_LOOP_ANALYSIS = YES;
				CLANG_WARN_STRICT_PROTOTYPES = YES;
				CLANG_WARN_SUSPICIOUS_MOVE = YES;
				CLANG_WARN_UNGUARDED_AVAILABILITY = YES_AGGRESSIVE;
				CLANG_WARN_UNREACHABLE_CODE = YES;
				CLANG_WARN__DUPLICATE_METHOD_MATCH = YES;
				CODE_SIGN_IDENTITY = "iPhone Developer";
				COPY_PHASE_STRIP = NO;
				DEBUG_INFORMATION_FORMAT = "dwarf-with-dsym";
				ENABLE_NS_ASSERTIONS = NO;
				ENABLE_STRICT_OBJC_MSGSEND = YES;
				GCC_C_LANGUAGE_STANDARD = gnu11;
				GCC_NO_COMMON_BLOCKS = YES;
				GCC_WARN_64_TO_32_BIT_CONVERSION = YES;
				GCC_WARN_ABOUT_RETURN_TYPE = YES_ERROR;
				GCC_WARN_UNDECLARED_SELECTOR = YES;
				GCC_WARN_UNINITIALIZED_AUTOS = YES_AGGRESSIVE;
				GCC_WARN_UNUSED_FUNCTION = YES;
				GCC_WARN_UNUSED_VARIABLE = YES;
				IPHONEOS_DEPLOYMENT_TARGET = 12.2;
				MTL_ENABLE_DEBUG_INFO = NO;
				MTL_FAST_MATH = YES;
				SDKROOT = iphoneos;
				SWIFT_COMPILATION_MODE = wholemodule;
				SWIFT_OPTIMIZATION_LEVEL = "-O";
				VALIDATE_PRODUCT = YES;
			};
			name = Release;
		};
		4235A28A23309A1A002B7AAA /* Debug */ = {
			isa = XCBuildConfiguration;
			buildSettings = {
				ASSETCATALOG_COMPILER_APPICON_NAME = AppIcon;
				CODE_SIGN_STYLE = Automatic;
				DEVELOPMENT_TEAM = VA72DE3L3X;
				INFOPLIST_FILE = coreDataDemo/Info.plist;
				LD_RUNPATH_SEARCH_PATHS = (
					"$(inherited)",
					"@executable_path/Frameworks",
				);
				PRODUCT_BUNDLE_IDENTIFIER = com.example.coreDataDemo;
				PRODUCT_NAME = "$(TARGET_NAME)";
				SWIFT_VERSION = 5.0;
				TARGETED_DEVICE_FAMILY = "1,2";
			};
			name = Debug;
		};
		4235A28B23309A1A002B7AAA /* Release */ = {
			isa = XCBuildConfiguration;
			buildSettings = {
				ASSETCATALOG_COMPILER_APPICON_NAME = AppIcon;
				CODE_SIGN_STYLE = Automatic;
				DEVELOPMENT_TEAM = VA72DE3L3X;
				INFOPLIST_FILE = coreDataDemo/Info.plist;
				LD_RUNPATH_SEARCH_PATHS = (
					"$(inherited)",
					"@executable_path/Frameworks",
				);
				PRODUCT_BUNDLE_IDENTIFIER = com.example.coreDataDemo;
				PRODUCT_NAME = "$(TARGET_NAME)";
				SWIFT_VERSION = 5.0;
				TARGETED_DEVICE_FAMILY = "1,2";
			};
			name = Release;
		};
/* End XCBuildConfiguration section */

/* Begin XCConfigurationList section */
		4235A26F23309A10002B7AAA /* Build configuration list for PBXProject "coreDataDemo" */ = {
			isa = XCConfigurationList;
			buildConfigurations = (
				4235A28723309A1A002B7AAA /* Debug */,
				4235A28823309A1A002B7AAA /* Release */,
			);
			defaultConfigurationIsVisible = 0;
			defaultConfigurationName = Release;
		};
		4235A28923309A1A002B7AAA /* Build configuration list for PBXNativeTarget "coreDataDemo" */ = {
			isa = XCConfigurationList;
			buildConfigurations = (
				4235A28A23309A1A002B7AAA /* Debug */,
				4235A28B23309A1A002B7AAA /* Release */,
			);
			defaultConfigurationIsVisible = 0;
			defaultConfigurationName = Release;
		};
/* End XCConfigurationList section */

/* Begin XCVersionGroup section */
		4235A27E23309A10002B7AAA /* coreDataDemo.xcdatamodeld */ = {
			isa = XCVersionGroup;
			children = (
				4235A27F23309A10002B7AAA /* coreDataDemo.xcdatamodel */,
			);
			currentVersion = 4235A27F23309A10002B7AAA /* coreDataDemo.xcdatamodel */;
			path = coreDataDemo.xcdatamodeld;
			sourceTree = "<group>";
			versionGroupType = wrapper.xcdatamodel;
		};
/* End XCVersionGroup section */
	};
	rootObject = 4235A26C23309A10002B7AAA /* Project object */;
}
